
Microsoft Visual Studio Solution File, Format Version 12.00
Project("{FAE04EC0-301F-11D3-BF4B-00C04F79EFBC}") = "JwtUtils", "JwtUtils\JwtUtils.csproj", "{55D4E9E6-D71B-4A38-B294-8D81153ED2CA}"
EndProject
Project("{2150E333-8FDC-42A3-9474-1A3956D46DE8}") = "Tests", "Tests", "{73DC1FA1-A9BA-4F5F-84A6-69ABEC98DF4D}"
EndProject
Project("{FAE04EC0-301F-11D3-BF4B-00C04F79EFBC}") = "JwtUtils.Tests", "Tests\JwtUtils.Tests\JwtUtils.Tests.csproj", "{B69D91F0-FE30-4918-B6B7-35136F771F27}"
EndProject
Project("{2150E333-8FDC-42A3-9474-1A3956D46DE8}") = "Benchmarks", "Benchmarks", "{8C2EEB97-F1A5-4573-8C2D-6551FC11B7D2}"
EndProject
Project("{FAE04EC0-301F-11D3-BF4B-00C04F79EFBC}") = "JwtUtils.Benchmarks", "Benchmarks\JwtUtils.Benchmarks\JwtUtils.Benchmarks.csproj", "{279B378C-79FD-46F3-B9B5-D3092148BA2F}"
EndProject
Global
	GlobalSection(SolutionConfigurationPlatforms) = preSolution
		Debug|Any CPU = Debug|Any CPU
		Release|Any CPU = Release|Any CPU
	EndGlobalSection
	GlobalSection(ProjectConfigurationPlatforms) = postSolution
		{55D4E9E6-D71B-4A38-B294-8D81153ED2CA}.Debug|Any CPU.ActiveCfg = Debug|Any CPU
		{55D4E9E6-D71B-4A38-B294-8D81153ED2CA}.Debug|Any CPU.Build.0 = Debug|Any CPU
		{55D4E9E6-D71B-4A38-B294-8D81153ED2CA}.Release|Any CPU.ActiveCfg = Release|Any CPU
		{55D4E9E6-D71B-4A38-B294-8D81153ED2CA}.Release|Any CPU.Build.0 = Release|Any CPU
		{B69D91F0-FE30-4918-B6B7-35136F771F27}.Debug|Any CPU.ActiveCfg = Debug|Any CPU
		{B69D91F0-FE30-4918-B6B7-35136F771F27}.Debug|Any CPU.Build.0 = Debug|Any CPU
		{B69D91F0-FE30-4918-B6B7-35136F771F27}.Release|Any CPU.ActiveCfg = Release|Any CPU
		{B69D91F0-FE30-4918-B6B7-35136F771F27}.Release|Any CPU.Build.0 = Release|Any CPU
		{279B378C-79FD-46F3-B9B5-D3092148BA2F}.Debug|Any CPU.ActiveCfg = Debug|Any CPU
		{279B378C-79FD-46F3-B9B5-D3092148BA2F}.Debug|Any CPU.Build.0 = Debug|Any CPU
		{279B378C-79FD-46F3-B9B5-D3092148BA2F}.Release|Any CPU.ActiveCfg = Release|Any CPU
		{279B378C-79FD-46F3-B9B5-D3092148BA2F}.Release|Any CPU.Build.0 = Release|Any CPU
	EndGlobalSection
	GlobalSection(NestedProjects) = preSolution
		{B69D91F0-FE30-4918-B6B7-35136F771F27} = {73DC1FA1-A9BA-4F5F-84A6-69ABEC98DF4D}
		{279B378C-79FD-46F3-B9B5-D3092148BA2F} = {8C2EEB97-F1A5-4573-8C2D-6551FC11B7D2}
	EndGlobalSection
EndGlobal
